PODS:
  - KeychainSwift (9.0.2)
  - MemexSwiftSDK (1.1.11):
    - KeychainSwift (~> 9.0)
    - ObjectMapper (~> 3.0.0)
    - ReachabilitySwift (~> 4.0-beta2)
  - ObjectMapper (3.0.0)
  - ReachabilitySwift (4.0-beta2)

DEPENDENCIES:
  - KeychainSwift (~> 9.0)
  - MemexSwiftSDK (from `../`)
  - ObjectMapper (~> 3.0.0)
  - ReachabilitySwift (~> 4.0-beta2)

EXTERNAL SOURCES:
  MemexSwiftSDK:
    :path: "../"

SPEC CHECKSUMS:
  KeychainSwift: 3ab1d428d0dbff59cd056f1d0bfc640b36c2b081
  MemexSwiftSDK: 97c908c345402eb488cd826333d49fbf0f9b3c30
  ObjectMapper: 92230db59bf8f341a5c3a3cf0b9fbdde3cf0d87f
  ReachabilitySwift: d2e9cf75db8b2140bef42db5dafc6269d46cc137

PODFILE CHECKSUM: 418bbd3e4413a644058ee37fea73d185d8f58bdb

COCOAPODS: 1.2.1
