// !$*UTF8*$!
{
	archiveVersion = 1;
	classes = {
	};
	objectVersion = 46;
	objects = {

/* Begin PBXBuildFile section */
		79CAA1561E8EB5DE00EB10CF /* MemexSDK.framework in Frameworks */ = {isa = PBXBuildFile; fileRef = 79CAA14C1E8EB5DD00EB10CF /* MemexSDK.framework */; };
		79CAA15B1E8EB5DE00EB10CF /* MemexSDKTests.swift in Sources */ = {isa = PBXBuildFile; fileRef = 79CAA15A1E8EB5DE00EB10CF /* MemexSDKTests.swift */; };
		79CAA15D1E8EB5DE00EB10CF /* MemexSDK.h in Headers */ = {isa = PBXBuildFile; fileRef = 79CAA14F1E8EB5DD00EB10CF /* MemexSDK.h */; settings = {ATTRIBUTES = (Public, ); }; };
		79CAA1811E8EB60F00EB10CF /* Constants.swift in Sources */ = {isa = PBXBuildFile; fileRef = 79CAA1671E8EB60F00EB10CF /* Constants.swift */; };
		79CAA1821E8EB60F00EB10CF /* CreateMedia.swift in Sources */ = {isa = PBXBuildFile; fileRef = 79CAA1681E8EB60F00EB10CF /* CreateMedia.swift */; };
		79CAA1831E8EB60F00EB10CF /* CreateSpace.swift in Sources */ = {isa = PBXBuildFile; fileRef = 79CAA1691E8EB60F00EB10CF /* CreateSpace.swift */; };
		79CAA1841E8EB60F00EB10CF /* CreateUser.swift in Sources */ = {isa = PBXBuildFile; fileRef = 79CAA16A1E8EB60F00EB10CF /* CreateUser.swift */; };
		79CAA1851E8EB60F00EB10CF /* GetMedia.swift in Sources */ = {isa = PBXBuildFile; fileRef = 79CAA16B1E8EB60F00EB10CF /* GetMedia.swift */; };
		79CAA1861E8EB60F00EB10CF /* GetUser.swift in Sources */ = {isa = PBXBuildFile; fileRef = 79CAA16C1E8EB60F00EB10CF /* GetUser.swift */; };
		79CAA1871E8EB60F00EB10CF /* Link.swift in Sources */ = {isa = PBXBuildFile; fileRef = 79CAA16D1E8EB60F00EB10CF /* Link.swift */; };
		79CAA1881E8EB60F00EB10CF /* LogSpaceVisits.swift in Sources */ = {isa = PBXBuildFile; fileRef = 79CAA16E1E8EB60F00EB10CF /* LogSpaceVisits.swift */; };
		79CAA1891E8EB60F00EB10CF /* MarkMediaAsUploaded.swift in Sources */ = {isa = PBXBuildFile; fileRef = 79CAA16F1E8EB60F00EB10CF /* MarkMediaAsUploaded.swift */; };
		79CAA18A1E8EB60F00EB10CF /* Media.swift in Sources */ = {isa = PBXBuildFile; fileRef = 79CAA1701E8EB60F00EB10CF /* Media.swift */; };
		79CAA18C1E8EB60F00EB10CF /* ObjectsSet.swift in Sources */ = {isa = PBXBuildFile; fileRef = 79CAA1721E8EB60F00EB10CF /* ObjectsSet.swift */; };
		79CAA18D1E8EB60F00EB10CF /* ProcessSpace.swift in Sources */ = {isa = PBXBuildFile; fileRef = 79CAA1731E8EB60F00EB10CF /* ProcessSpace.swift */; };
		79CAA18E1E8EB60F00EB10CF /* PullLinks.swift in Sources */ = {isa = PBXBuildFile; fileRef = 79CAA1741E8EB60F00EB10CF /* PullLinks.swift */; };
		79CAA18F1E8EB60F00EB10CF /* PullMedia.swift in Sources */ = {isa = PBXBuildFile; fileRef = 79CAA1751E8EB60F00EB10CF /* PullMedia.swift */; };
		79CAA1901E8EB60F00EB10CF /* PullSpaces.swift in Sources */ = {isa = PBXBuildFile; fileRef = 79CAA1761E8EB60F00EB10CF /* PullSpaces.swift */; };
		79CAA1911E8EB60F00EB10CF /* PushLinks.swift in Sources */ = {isa = PBXBuildFile; fileRef = 79CAA1771E8EB60F00EB10CF /* PushLinks.swift */; };
		79CAA1921E8EB60F00EB10CF /* PushMedia.swift in Sources */ = {isa = PBXBuildFile; fileRef = 79CAA1781E8EB60F00EB10CF /* PushMedia.swift */; };
		79CAA1931E8EB60F00EB10CF /* PushSpaces.swift in Sources */ = {isa = PBXBuildFile; fileRef = 79CAA1791E8EB60F00EB10CF /* PushSpaces.swift */; };
		79CAA1941E8EB60F00EB10CF /* RequestBackup.swift in Sources */ = {isa = PBXBuildFile; fileRef = 79CAA17A1E8EB60F00EB10CF /* RequestBackup.swift */; };
		79CAA1951E8EB60F00EB10CF /* SetUserPassword.swift in Sources */ = {isa = PBXBuildFile; fileRef = 79CAA17B1E8EB60F00EB10CF /* SetUserPassword.swift */; };
		79CAA1961E8EB60F00EB10CF /* Space.swift in Sources */ = {isa = PBXBuildFile; fileRef = 79CAA17C1E8EB60F00EB10CF /* Space.swift */; };
		79CAA1971E8EB60F00EB10CF /* SpaceVisit.swift in Sources */ = {isa = PBXBuildFile; fileRef = 79CAA17D1E8EB60F00EB10CF /* SpaceVisit.swift */; };
		79CAA1981E8EB60F00EB10CF /* UpdateUser.swift in Sources */ = {isa = PBXBuildFile; fileRef = 79CAA17E1E8EB60F00EB10CF /* UpdateUser.swift */; };
		79CAA1991E8EB60F00EB10CF /* User.swift in Sources */ = {isa = PBXBuildFile; fileRef = 79CAA17F1E8EB60F00EB10CF /* User.swift */; };
		79CAA19A1E8EB60F00EB10CF /* WebpageMetadata.swift in Sources */ = {isa = PBXBuildFile; fileRef = 79CAA1801E8EB60F00EB10CF /* WebpageMetadata.swift */; };
		79CAA1A01E8EB61800EB10CF /* AuthorizationTests.swift in Sources */ = {isa = PBXBuildFile; fileRef = 79CAA19B1E8EB61800EB10CF /* AuthorizationTests.swift */; };
		79CAA1A11E8EB61800EB10CF /* BasicTests.swift in Sources */ = {isa = PBXBuildFile; fileRef = 79CAA19C1E8EB61800EB10CF /* BasicTests.swift */; };
		79CAA1A31E8EB61800EB10CF /* UserOtherTests.swift in Sources */ = {isa = PBXBuildFile; fileRef = 79CAA19E1E8EB61800EB10CF /* UserOtherTests.swift */; };
		79CAA1A41E8EB61800EB10CF /* UserUpdatesTests.swift in Sources */ = {isa = PBXBuildFile; fileRef = 79CAA19F1E8EB61800EB10CF /* UserUpdatesTests.swift */; };
		79CAA1C91E8EB68000EB10CF /* ObjectMapper.framework in Frameworks */ = {isa = PBXBuildFile; fileRef = 79CAA1B81E8EB65E00EB10CF /* ObjectMapper.framework */; };
		79CF3F621EC9834F00B9F1C0 /* Spaces.swift in Sources */ = {isa = PBXBuildFile; fileRef = 79CF3F611EC9834F00B9F1C0 /* Spaces.swift */; };
		79F8EABE1ED21EA0005874BE /* AuthorizationChanged.swift in Sources */ = {isa = PBXBuildFile; fileRef = 79F8EAA71ED21EA0005874BE /* AuthorizationChanged.swift */; };
		79F8EABF1ED21EA0005874BE /* AuthorizationController.swift in Sources */ = {isa = PBXBuildFile; fileRef = 79F8EAA81ED21EA0005874BE /* AuthorizationController.swift */; };
		79F8EAC01ED21EA0005874BE /* Authorize.swift in Sources */ = {isa = PBXBuildFile; fileRef = 79F8EAA91ED21EA0005874BE /* Authorize.swift */; };
		79F8EAC11ED21EA0005874BE /* AuthToken.swift in Sources */ = {isa = PBXBuildFile; fileRef = 79F8EAAA1ED21EA0005874BE /* AuthToken.swift */; };
		79F8EAC21ED21EA0005874BE /* Bootstrap.swift in Sources */ = {isa = PBXBuildFile; fileRef = 79F8EAAB1ED21EA0005874BE /* Bootstrap.swift */; };
		79F8EAC31ED21EA0005874BE /* Configuration.swift in Sources */ = {isa = PBXBuildFile; fileRef = 79F8EAAC1ED21EA0005874BE /* Configuration.swift */; };
		79F8EAC41ED21EA0005874BE /* ConnectionHealthChanged.swift in Sources */ = {isa = PBXBuildFile; fileRef = 79F8EAAD1ED21EA0005874BE /* ConnectionHealthChanged.swift */; };
		79F8EAC61ED21EA0005874BE /* Deauthorize.swift in Sources */ = {isa = PBXBuildFile; fileRef = 79F8EAAF1ED21EA0005874BE /* Deauthorize.swift */; };
		79F8EAC71ED21EA0005874BE /* Entity.swift in Sources */ = {isa = PBXBuildFile; fileRef = 79F8EAB01ED21EA0005874BE /* Entity.swift */; };
		79F8EAC81ED21EA0005874BE /* ErrorPayload.swift in Sources */ = {isa = PBXBuildFile; fileRef = 79F8EAB11ED21EA0005874BE /* ErrorPayload.swift */; };
		79F8EAC91ED21EA0005874BE /* Event.swift in Sources */ = {isa = PBXBuildFile; fileRef = 79F8EAB21ED21EA0005874BE /* Event.swift */; };
		79F8EACA1ED21EA0005874BE /* GetAuthorizationStatus.swift in Sources */ = {isa = PBXBuildFile; fileRef = 79F8EAB31ED21EA0005874BE /* GetAuthorizationStatus.swift */; };
		79F8EACB1ED21EA0005874BE /* HealthChecker.swift in Sources */ = {isa = PBXBuildFile; fileRef = 79F8EAB41ED21EA0005874BE /* HealthChecker.swift */; };
		79F8EACC1ED21EA0005874BE /* KeychainSwift.swift in Sources */ = {isa = PBXBuildFile; fileRef = 79F8EAB51ED21EA0005874BE /* KeychainSwift.swift */; };
		79F8EACD1ED21EA0005874BE /* KeychainSwiftAccessOptions.swift in Sources */ = {isa = PBXBuildFile; fileRef = 79F8EAB61ED21EA0005874BE /* KeychainSwiftAccessOptions.swift */; };
		79F8EACE1ED21EA0005874BE /* Operation.swift in Sources */ = {isa = PBXBuildFile; fileRef = 79F8EAB71ED21EA0005874BE /* Operation.swift */; };
		79F8EACF1ED21EA0005874BE /* QueryStringTransformer.swift in Sources */ = {isa = PBXBuildFile; fileRef = 79F8EAB81ED21EA0005874BE /* QueryStringTransformer.swift */; };
		79F8EAD01ED21EA0005874BE /* Reachability.swift in Sources */ = {isa = PBXBuildFile; fileRef = 79F8EAB91ED21EA0005874BE /* Reachability.swift */; };
		79F8EAD11ED21EA0005874BE /* RequestInvoker.swift in Sources */ = {isa = PBXBuildFile; fileRef = 79F8EABA1ED21EA0005874BE /* RequestInvoker.swift */; };
		79F8EAD21ED21EA0005874BE /* Response.swift in Sources */ = {isa = PBXBuildFile; fileRef = 79F8EABB1ED21EA0005874BE /* Response.swift */; };
		79F8EAD31ED21EA0005874BE /* Service.swift in Sources */ = {isa = PBXBuildFile; fileRef = 79F8EABC1ED21EA0005874BE /* Service.swift */; };
		79F8EAD41ED21EA0005874BE /* TegKeychainConstants.swift in Sources */ = {isa = PBXBuildFile; fileRef = 79F8EABD1ED21EA0005874BE /* TegKeychainConstants.swift */; };
		79F8EAEA1ED21EA5005874BE /* Array+Additions.swift in Sources */ = {isa = PBXBuildFile; fileRef = 79F8EAD61ED21EA5005874BE /* Array+Additions.swift */; };
		79F8EAEB1ED21EA5005874BE /* Color.swift in Sources */ = {isa = PBXBuildFile; fileRef = 79F8EAD71ED21EA5005874BE /* Color.swift */; };
		79F8EAED1ED21EA5005874BE /* Credentials.swift in Sources */ = {isa = PBXBuildFile; fileRef = 79F8EAD91ED21EA5005874BE /* Credentials.swift */; };
		79F8EAEF1ED21EA5005874BE /* Dictionary+Additions.swift in Sources */ = {isa = PBXBuildFile; fileRef = 79F8EADB1ED21EA5005874BE /* Dictionary+Additions.swift */; };
		79F8EAF01ED21EA5005874BE /* Dispatch+Additions.swift in Sources */ = {isa = PBXBuildFile; fileRef = 79F8EADC1ED21EA5005874BE /* Dispatch+Additions.swift */; };
		79F8EAF11ED21EA5005874BE /* Lock.swift in Sources */ = {isa = PBXBuildFile; fileRef = 79F8EADD1ED21EA5005874BE /* Lock.swift */; };
		79F8EAF21ED21EA5005874BE /* MIMETypes.swift in Sources */ = {isa = PBXBuildFile; fileRef = 79F8EADE1ED21EA5005874BE /* MIMETypes.swift */; };
		79F8EAF61ED21EA5005874BE /* NSLock+Additions.swift in Sources */ = {isa = PBXBuildFile; fileRef = 79F8EAE21ED21EA5005874BE /* NSLock+Additions.swift */; };
		79F8EAF91ED21EA5005874BE /* NSURLRequest+Additions.swift in Sources */ = {isa = PBXBuildFile; fileRef = 79F8EAE51ED21EA5005874BE /* NSURLRequest+Additions.swift */; };
		79F8EAFC1ED21EA5005874BE /* String+Additions.swift in Sources */ = {isa = PBXBuildFile; fileRef = 79F8EAE81ED21EA5005874BE /* String+Additions.swift */; };
/* End PBXBuildFile section */

/* Begin PBXContainerItemProxy section */
		79CAA1571E8EB5DE00EB10CF /* PBXContainerItemProxy */ = {
			isa = PBXContainerItemProxy;
			containerPortal = 79CAA1431E8EB5DD00EB10CF /* Project object */;
			proxyType = 1;
			remoteGlobalIDString = 79CAA14B1E8EB5DD00EB10CF;
			remoteInfo = MemexSDK;
		};
		79CAA1B71E8EB65E00EB10CF /* PBXContainerItemProxy */ = {
			isa = PBXContainerItemProxy;
			containerPortal = 79CAA1B21E8EB65E00EB10CF /* ObjectMapper.xcodeproj */;
			proxyType = 2;
			remoteGlobalIDString = 79CAA0A51E8EB47300EB10CF;
			remoteInfo = ObjectMapper;
		};
		79CAA1C51E8EB67500EB10CF /* PBXContainerItemProxy */ = {
			isa = PBXContainerItemProxy;
			containerPortal = 79CAA1B21E8EB65E00EB10CF /* ObjectMapper.xcodeproj */;
			proxyType = 1;
			remoteGlobalIDString = 79CAA0A41E8EB47300EB10CF;
			remoteInfo = ObjectMapper;
		};
/* End PBXContainerItemProxy section */

/* Begin PBXFileReference section */
		79CAA14C1E8EB5DD00EB10CF /* MemexSDK.framework */ = {isa = PBXFileReference; explicitFileType = wrapper.framework; includeInIndex = 0; path = MemexSDK.framework; sourceTree = BUILT_PRODUCTS_DIR; };
		79CAA14F1E8EB5DD00EB10CF /* MemexSDK.h */ = {isa = PBXFileReference; lastKnownFileType = sourcecode.c.h; path = MemexSDK.h; sourceTree = "<group>"; };
		79CAA1501E8EB5DD00EB10CF /* Info.plist */ = {isa = PBXFileReference; lastKnownFileType = text.plist.xml; path = Info.plist; sourceTree = "<group>"; };
		79CAA1551E8EB5DE00EB10CF /* MemexSDKTests.xctest */ = {isa = PBXFileReference; explicitFileType = wrapper.cfbundle; includeInIndex = 0; path = MemexSDKTests.xctest; sourceTree = BUILT_PRODUCTS_DIR; };
		79CAA15A1E8EB5DE00EB10CF /* MemexSDKTests.swift */ = {isa = PBXFileReference; lastKnownFileType = sourcecode.swift; path = MemexSDKTests.swift; sourceTree = "<group>"; };
		79CAA15C1E8EB5DE00EB10CF /* Info.plist */ = {isa = PBXFileReference; lastKnownFileType = text.plist.xml; path = Info.plist; sourceTree = "<group>"; };
		79CAA1671E8EB60F00EB10CF /* Constants.swift */ = {isa = PBXFileReference; fileEncoding = 4; lastKnownFileType = sourcecode.swift; path = Constants.swift; sourceTree = "<group>"; };
		79CAA1681E8EB60F00EB10CF /* CreateMedia.swift */ = {isa = PBXFileReference; fileEncoding = 4; lastKnownFileType = sourcecode.swift; path = CreateMedia.swift; sourceTree = "<group>"; };
		79CAA1691E8EB60F00EB10CF /* CreateSpace.swift */ = {isa = PBXFileReference; fileEncoding = 4; lastKnownFileType = sourcecode.swift; path = CreateSpace.swift; sourceTree = "<group>"; };
		79CAA16A1E8EB60F00EB10CF /* CreateUser.swift */ = {isa = PBXFileReference; fileEncoding = 4; lastKnownFileType = sourcecode.swift; path = CreateUser.swift; sourceTree = "<group>"; };
		79CAA16B1E8EB60F00EB10CF /* GetMedia.swift */ = {isa = PBXFileReference; fileEncoding = 4; lastKnownFileType = sourcecode.swift; path = GetMedia.swift; sourceTree = "<group>"; };
		79CAA16C1E8EB60F00EB10CF /* GetUser.swift */ = {isa = PBXFileReference; fileEncoding = 4; lastKnownFileType = sourcecode.swift; path = GetUser.swift; sourceTree = "<group>"; };
		79CAA16D1E8EB60F00EB10CF /* Link.swift */ = {isa = PBXFileReference; fileEncoding = 4; lastKnownFileType = sourcecode.swift; path = Link.swift; sourceTree = "<group>"; };
		79CAA16E1E8EB60F00EB10CF /* LogSpaceVisits.swift */ = {isa = PBXFileReference; fileEncoding = 4; lastKnownFileType = sourcecode.swift; path = LogSpaceVisits.swift; sourceTree = "<group>"; };
		79CAA16F1E8EB60F00EB10CF /* MarkMediaAsUploaded.swift */ = {isa = PBXFileReference; fileEncoding = 4; lastKnownFileType = sourcecode.swift; path = MarkMediaAsUploaded.swift; sourceTree = "<group>"; };
		79CAA1701E8EB60F00EB10CF /* Media.swift */ = {isa = PBXFileReference; fileEncoding = 4; lastKnownFileType = sourcecode.swift; path = Media.swift; sourceTree = "<group>"; };
		79CAA1721E8EB60F00EB10CF /* ObjectsSet.swift */ = {isa = PBXFileReference; fileEncoding = 4; lastKnownFileType = sourcecode.swift; path = ObjectsSet.swift; sourceTree = "<group>"; };
		79CAA1731E8EB60F00EB10CF /* ProcessSpace.swift */ = {isa = PBXFileReference; fileEncoding = 4; lastKnownFileType = sourcecode.swift; path = ProcessSpace.swift; sourceTree = "<group>"; };
		79CAA1741E8EB60F00EB10CF /* PullLinks.swift */ = {isa = PBXFileReference; fileEncoding = 4; lastKnownFileType = sourcecode.swift; path = PullLinks.swift; sourceTree = "<group>"; };
		79CAA1751E8EB60F00EB10CF /* PullMedia.swift */ = {isa = PBXFileReference; fileEncoding = 4; lastKnownFileType = sourcecode.swift; path = PullMedia.swift; sourceTree = "<group>"; };
		79CAA1761E8EB60F00EB10CF /* PullSpaces.swift */ = {isa = PBXFileReference; fileEncoding = 4; lastKnownFileType = sourcecode.swift; path = PullSpaces.swift; sourceTree = "<group>"; };
		79CAA1771E8EB60F00EB10CF /* PushLinks.swift */ = {isa = PBXFileReference; fileEncoding = 4; lastKnownFileType = sourcecode.swift; path = PushLinks.swift; sourceTree = "<group>"; };
		79CAA1781E8EB60F00EB10CF /* PushMedia.swift */ = {isa = PBXFileReference; fileEncoding = 4; lastKnownFileType = sourcecode.swift; path = PushMedia.swift; sourceTree = "<group>"; };
		79CAA1791E8EB60F00EB10CF /* PushSpaces.swift */ = {isa = PBXFileReference; fileEncoding = 4; lastKnownFileType = sourcecode.swift; path = PushSpaces.swift; sourceTree = "<group>"; };
		79CAA17A1E8EB60F00EB10CF /* RequestBackup.swift */ = {isa = PBXFileReference; fileEncoding = 4; lastKnownFileType = sourcecode.swift; path = RequestBackup.swift; sourceTree = "<group>"; };
		79CAA17B1E8EB60F00EB10CF /* SetUserPassword.swift */ = {isa = PBXFileReference; fileEncoding = 4; lastKnownFileType = sourcecode.swift; path = SetUserPassword.swift; sourceTree = "<group>"; };
		79CAA17C1E8EB60F00EB10CF /* Space.swift */ = {isa = PBXFileReference; fileEncoding = 4; lastKnownFileType = sourcecode.swift; path = Space.swift; sourceTree = "<group>"; };
		79CAA17D1E8EB60F00EB10CF /* SpaceVisit.swift */ = {isa = PBXFileReference; fileEncoding = 4; lastKnownFileType = sourcecode.swift; path = SpaceVisit.swift; sourceTree = "<group>"; };
		79CAA17E1E8EB60F00EB10CF /* UpdateUser.swift */ = {isa = PBXFileReference; fileEncoding = 4; lastKnownFileType = sourcecode.swift; path = UpdateUser.swift; sourceTree = "<group>"; };
		79CAA17F1E8EB60F00EB10CF /* User.swift */ = {isa = PBXFileReference; fileEncoding = 4; lastKnownFileType = sourcecode.swift; path = User.swift; sourceTree = "<group>"; };
		79CAA1801E8EB60F00EB10CF /* WebpageMetadata.swift */ = {isa = PBXFileReference; fileEncoding = 4; lastKnownFileType = sourcecode.swift; path = WebpageMetadata.swift; sourceTree = "<group>"; };
		79CAA19B1E8EB61800EB10CF /* AuthorizationTests.swift */ = {isa = PBXFileReference; fileEncoding = 4; lastKnownFileType = sourcecode.swift; path = AuthorizationTests.swift; sourceTree = "<group>"; };
		79CAA19C1E8EB61800EB10CF /* BasicTests.swift */ = {isa = PBXFileReference; fileEncoding = 4; lastKnownFileType = sourcecode.swift; path = BasicTests.swift; sourceTree = "<group>"; };
		79CAA19E1E8EB61800EB10CF /* UserOtherTests.swift */ = {isa = PBXFileReference; fileEncoding = 4; lastKnownFileType = sourcecode.swift; path = UserOtherTests.swift; sourceTree = "<group>"; };
		79CAA19F1E8EB61800EB10CF /* UserUpdatesTests.swift */ = {isa = PBXFileReference; fileEncoding = 4; lastKnownFileType = sourcecode.swift; path = UserUpdatesTests.swift; sourceTree = "<group>"; };
		79CAA1B21E8EB65E00EB10CF /* ObjectMapper.xcodeproj */ = {isa = PBXFileReference; lastKnownFileType = "wrapper.pb-project"; name = ObjectMapper.xcodeproj; path = "../object-mapper/ObjectMapper.xcodeproj"; sourceTree = "<group>"; };
		79CF3F611EC9834F00B9F1C0 /* Spaces.swift */ = {isa = PBXFileReference; fileEncoding = 4; lastKnownFileType = sourcecode.swift; path = Spaces.swift; sourceTree = "<group>"; };
		79F8EAA71ED21EA0005874BE /* AuthorizationChanged.swift */ = {isa = PBXFileReference; fileEncoding = 4; lastKnownFileType = sourcecode.swift; name = AuthorizationChanged.swift; path = ../Sushi/AuthorizationChanged.swift; sourceTree = "<group>"; };
		79F8EAA81ED21EA0005874BE /* AuthorizationController.swift */ = {isa = PBXFileReference; fileEncoding = 4; lastKnownFileType = sourcecode.swift; name = AuthorizationController.swift; path = ../Sushi/AuthorizationController.swift; sourceTree = "<group>"; };
		79F8EAA91ED21EA0005874BE /* Authorize.swift */ = {isa = PBXFileReference; fileEncoding = 4; lastKnownFileType = sourcecode.swift; name = Authorize.swift; path = ../Sushi/Authorize.swift; sourceTree = "<group>"; };
		79F8EAAA1ED21EA0005874BE /* AuthToken.swift */ = {isa = PBXFileReference; fileEncoding = 4; lastKnownFileType = sourcecode.swift; name = AuthToken.swift; path = ../Sushi/AuthToken.swift; sourceTree = "<group>"; };
		79F8EAAB1ED21EA0005874BE /* Bootstrap.swift */ = {isa = PBXFileReference; fileEncoding = 4; lastKnownFileType = sourcecode.swift; name = Bootstrap.swift; path = ../Sushi/Bootstrap.swift; sourceTree = "<group>"; };
		79F8EAAC1ED21EA0005874BE /* Configuration.swift */ = {isa = PBXFileReference; fileEncoding = 4; lastKnownFileType = sourcecode.swift; name = Configuration.swift; path = ../Sushi/Configuration.swift; sourceTree = "<group>"; };
		79F8EAAD1ED21EA0005874BE /* ConnectionHealthChanged.swift */ = {isa = PBXFileReference; fileEncoding = 4; lastKnownFileType = sourcecode.swift; name = ConnectionHealthChanged.swift; path = ../Sushi/ConnectionHealthChanged.swift; sourceTree = "<group>"; };
		79F8EAAF1ED21EA0005874BE /* Deauthorize.swift */ = {isa = PBXFileReference; fileEncoding = 4; lastKnownFileType = sourcecode.swift; name = Deauthorize.swift; path = ../Sushi/Deauthorize.swift; sourceTree = "<group>"; };
		79F8EAB01ED21EA0005874BE /* Entity.swift */ = {isa = PBXFileReference; fileEncoding = 4; lastKnownFileType = sourcecode.swift; name = Entity.swift; path = ../Sushi/Entity.swift; sourceTree = "<group>"; };
		79F8EAB11ED21EA0005874BE /* ErrorPayload.swift */ = {isa = PBXFileReference; fileEncoding = 4; lastKnownFileType = sourcecode.swift; name = ErrorPayload.swift; path = ../Sushi/ErrorPayload.swift; sourceTree = "<group>"; };
		79F8EAB21ED21EA0005874BE /* Event.swift */ = {isa = PBXFileReference; fileEncoding = 4; lastKnownFileType = sourcecode.swift; name = Event.swift; path = ../Sushi/Event.swift; sourceTree = "<group>"; };
		79F8EAB31ED21EA0005874BE /* GetAuthorizationStatus.swift */ = {isa = PBXFileReference; fileEncoding = 4; lastKnownFileType = sourcecode.swift; name = GetAuthorizationStatus.swift; path = ../Sushi/GetAuthorizationStatus.swift; sourceTree = "<group>"; };
		79F8EAB41ED21EA0005874BE /* HealthChecker.swift */ = {isa = PBXFileReference; fileEncoding = 4; lastKnownFileType = sourcecode.swift; name = HealthChecker.swift; path = ../Sushi/HealthChecker.swift; sourceTree = "<group>"; };
		79F8EAB51ED21EA0005874BE /* KeychainSwift.swift */ = {isa = PBXFileReference; fileEncoding = 4; lastKnownFileType = sourcecode.swift; path = KeychainSwift.swift; sourceTree = "<group>"; };
		79F8EAB61ED21EA0005874BE /* KeychainSwiftAccessOptions.swift */ = {isa = PBXFileReference; fileEncoding = 4; lastKnownFileType = sourcecode.swift; path = KeychainSwiftAccessOptions.swift; sourceTree = "<group>"; };
		79F8EAB71ED21EA0005874BE /* Operation.swift */ = {isa = PBXFileReference; fileEncoding = 4; lastKnownFileType = sourcecode.swift; name = Operation.swift; path = ../Sushi/Operation.swift; sourceTree = "<group>"; };
		79F8EAB81ED21EA0005874BE /* QueryStringTransformer.swift */ = {isa = PBXFileReference; fileEncoding = 4; lastKnownFileType = sourcecode.swift; name = QueryStringTransformer.swift; path = ../Sushi/QueryStringTransformer.swift; sourceTree = "<group>"; };
		79F8EAB91ED21EA0005874BE /* Reachability.swift */ = {isa = PBXFileReference; fileEncoding = 4; lastKnownFileType = sourcecode.swift; name = Reachability.swift; path = ../Sushi/Reachability.swift; sourceTree = "<group>"; };
		79F8EABA1ED21EA0005874BE /* RequestInvoker.swift */ = {isa = PBXFileReference; fileEncoding = 4; lastKnownFileType = sourcecode.swift; name = RequestInvoker.swift; path = ../Sushi/RequestInvoker.swift; sourceTree = "<group>"; };
		79F8EABB1ED21EA0005874BE /* Response.swift */ = {isa = PBXFileReference; fileEncoding = 4; lastKnownFileType = sourcecode.swift; name = Response.swift; path = ../Sushi/Response.swift; sourceTree = "<group>"; };
		79F8EABC1ED21EA0005874BE /* Service.swift */ = {isa = PBXFileReference; fileEncoding = 4; lastKnownFileType = sourcecode.swift; name = Service.swift; path = ../Sushi/Service.swift; sourceTree = "<group>"; };
		79F8EABD1ED21EA0005874BE /* TegKeychainConstants.swift */ = {isa = PBXFileReference; fileEncoding = 4; lastKnownFileType = sourcecode.swift; path = TegKeychainConstants.swift; sourceTree = "<group>"; };
		79F8EAD61ED21EA5005874BE /* Array+Additions.swift */ = {isa = PBXFileReference; fileEncoding = 4; lastKnownFileType = sourcecode.swift; path = "Array+Additions.swift"; sourceTree = "<group>"; };
		79F8EAD71ED21EA5005874BE /* Color.swift */ = {isa = PBXFileReference; fileEncoding = 4; lastKnownFileType = sourcecode.swift; path = Color.swift; sourceTree = "<group>"; };
		79F8EAD91ED21EA5005874BE /* Credentials.swift */ = {isa = PBXFileReference; fileEncoding = 4; lastKnownFileType = sourcecode.swift; path = Credentials.swift; sourceTree = "<group>"; };
		79F8EADB1ED21EA5005874BE /* Dictionary+Additions.swift */ = {isa = PBXFileReference; fileEncoding = 4; lastKnownFileType = sourcecode.swift; path = "Dictionary+Additions.swift"; sourceTree = "<group>"; };
		79F8EADC1ED21EA5005874BE /* Dispatch+Additions.swift */ = {isa = PBXFileReference; fileEncoding = 4; lastKnownFileType = sourcecode.swift; path = "Dispatch+Additions.swift"; sourceTree = "<group>"; };
		79F8EADD1ED21EA5005874BE /* Lock.swift */ = {isa = PBXFileReference; fileEncoding = 4; lastKnownFileType = sourcecode.swift; path = Lock.swift; sourceTree = "<group>"; };
		79F8EADE1ED21EA5005874BE /* MIMETypes.swift */ = {isa = PBXFileReference; fileEncoding = 4; lastKnownFileType = sourcecode.swift; path = MIMETypes.swift; sourceTree = "<group>"; };
		79F8EAE21ED21EA5005874BE /* NSLock+Additions.swift */ = {isa = PBXFileReference; fileEncoding = 4; lastKnownFileType = sourcecode.swift; path = "NSLock+Additions.swift"; sourceTree = "<group>"; };
		79F8EAE51ED21EA5005874BE /* NSURLRequest+Additions.swift */ = {isa = PBXFileReference; fileEncoding = 4; lastKnownFileType = sourcecode.swift; path = "NSURLRequest+Additions.swift"; sourceTree = "<group>"; };
		79F8EAE81ED21EA5005874BE /* String+Additions.swift */ = {isa = PBXFileReference; fileEncoding = 4; lastKnownFileType = sourcecode.swift; path = "String+Additions.swift"; sourceTree = "<group>"; };
/* End PBXFileReference section */

/* Begin PBXFrameworksBuildPhase section */
		79CAA1481E8EB5DD00EB10CF /* Frameworks */ = {
			isa = PBXFrameworksBuildPhase;
			buildActionMask = 2147483647;
			files = (
				79CAA1C91E8EB68000EB10CF /* ObjectMapper.framework in Frameworks */,
			);
			runOnlyForDeploymentPostprocessing = 0;
		};
		79CAA1521E8EB5DE00EB10CF /* Frameworks */ = {
			isa = PBXFrameworksBuildPhase;
			buildActionMask = 2147483647;
			files = (
				79CAA1561E8EB5DE00EB10CF /* MemexSDK.framework in Frameworks */,
			);
			runOnlyForDeploymentPostprocessing = 0;
		};
/* End PBXFrameworksBuildPhase section */

/* Begin PBXGroup section */
		79CAA1421E8EB5DD00EB10CF = {
			isa = PBXGroup;
			children = (
				79CAA1B21E8EB65E00EB10CF /* ObjectMapper.xcodeproj */,
				79CAA14E1E8EB5DD00EB10CF /* MemexSDK */,
				79CAA1591E8EB5DE00EB10CF /* MemexSDKTests */,
				79CAA14D1E8EB5DD00EB10CF /* Products */,
			);
			sourceTree = "<group>";
		};
		79CAA14D1E8EB5DD00EB10CF /* Products */ = {
			isa = PBXGroup;
			children = (
				79CAA14C1E8EB5DD00EB10CF /* MemexSDK.framework */,
				79CAA1551E8EB5DE00EB10CF /* MemexSDKTests.xctest */,
			);
			name = Products;
			sourceTree = "<group>";
		};
		79CAA14E1E8EB5DD00EB10CF /* MemexSDK */ = {
			isa = PBXGroup;
			children = (
				79CAA14F1E8EB5DD00EB10CF /* MemexSDK.h */,
				79CAA1501E8EB5DD00EB10CF /* Info.plist */,
				79CAA1661E8EB60F00EB10CF /* Sources */,
			);
			path = MemexSDK;
			sourceTree = "<group>";
		};
		79CAA1591E8EB5DE00EB10CF /* MemexSDKTests */ = {
			isa = PBXGroup;
			children = (
				79CAA19B1E8EB61800EB10CF /* AuthorizationTests.swift */,
				79CAA19C1E8EB61800EB10CF /* BasicTests.swift */,
				79CAA19E1E8EB61800EB10CF /* UserOtherTests.swift */,
				79CAA19F1E8EB61800EB10CF /* UserUpdatesTests.swift */,
				79CAA15A1E8EB5DE00EB10CF /* MemexSDKTests.swift */,
				79CAA15C1E8EB5DE00EB10CF /* Info.plist */,
			);
			path = MemexSDKTests;
			sourceTree = "<group>";
		};
		79CAA1661E8EB60F00EB10CF /* Sources */ = {
			isa = PBXGroup;
			children = (
				79F8EAD51ED21EA5005874BE /* Foundations */,
				79F8EB001ED220F1005874BE /* Reachability */,
				79F8EAA61ED21EA0005874BE /* Keychain */,
				79CF3F611EC9834F00B9F1C0 /* Spaces.swift */,
				79F8EABC1ED21EA0005874BE /* Service.swift */,
				79F8EAB71ED21EA0005874BE /* Operation.swift */,
				79F8EAA81ED21EA0005874BE /* AuthorizationController.swift */,
				79F8EAB81ED21EA0005874BE /* QueryStringTransformer.swift */,
				79F8EABA1ED21EA0005874BE /* RequestInvoker.swift */,
				79F8EAB41ED21EA0005874BE /* HealthChecker.swift */,
				79F8EAFE1ED22051005874BE /* Functions */,
				79F8EAFF1ED22063005874BE /* Data */,
			);
			path = Sources;
			sourceTree = SOURCE_ROOT;
		};
		79CAA1B31E8EB65E00EB10CF /* Products */ = {
			isa = PBXGroup;
			children = (
				79CAA1B81E8EB65E00EB10CF /* ObjectMapper.framework */,
			);
			name = Products;
			sourceTree = "<group>";
		};
		79F8EAA61ED21EA0005874BE /* Keychain */ = {
			isa = PBXGroup;
			children = (
				79F8EAB51ED21EA0005874BE /* KeychainSwift.swift */,
				79F8EAB61ED21EA0005874BE /* KeychainSwiftAccessOptions.swift */,
				79F8EABD1ED21EA0005874BE /* TegKeychainConstants.swift */,
			);
			name = Keychain;
			path = Sushi;
			sourceTree = SOURCE_ROOT;
		};
		79F8EAD51ED21EA5005874BE /* Foundations */ = {
			isa = PBXGroup;
			children = (
				79F8EAD61ED21EA5005874BE /* Array+Additions.swift */,
				79F8EAD71ED21EA5005874BE /* Color.swift */,
				79F8EAD91ED21EA5005874BE /* Credentials.swift */,
				79F8EADB1ED21EA5005874BE /* Dictionary+Additions.swift */,
				79F8EADC1ED21EA5005874BE /* Dispatch+Additions.swift */,
				79F8EADD1ED21EA5005874BE /* Lock.swift */,
				79F8EADE1ED21EA5005874BE /* MIMETypes.swift */,
				79F8EAE21ED21EA5005874BE /* NSLock+Additions.swift */,
				79F8EAE51ED21EA5005874BE /* NSURLRequest+Additions.swift */,
				79F8EAE81ED21EA5005874BE /* String+Additions.swift */,
			);
			name = Foundations;
			path = Atom;
			sourceTree = SOURCE_ROOT;
		};
		79F8EAFE1ED22051005874BE /* Functions */ = {
			isa = PBXGroup;
			children = (
				79CAA1731E8EB60F00EB10CF /* ProcessSpace.swift */,
				79CAA1741E8EB60F00EB10CF /* PullLinks.swift */,
				79CAA1751E8EB60F00EB10CF /* PullMedia.swift */,
				79CAA1761E8EB60F00EB10CF /* PullSpaces.swift */,
				79CAA1771E8EB60F00EB10CF /* PushLinks.swift */,
				79CAA1781E8EB60F00EB10CF /* PushMedia.swift */,
				79CAA1791E8EB60F00EB10CF /* PushSpaces.swift */,
				79CAA17A1E8EB60F00EB10CF /* RequestBackup.swift */,
				79CAA17B1E8EB60F00EB10CF /* SetUserPassword.swift */,
				79F8EAAB1ED21EA0005874BE /* Bootstrap.swift */,
				79CAA1691E8EB60F00EB10CF /* CreateSpace.swift */,
				79CAA16B1E8EB60F00EB10CF /* GetMedia.swift */,
				79F8EAAF1ED21EA0005874BE /* Deauthorize.swift */,
				79F8EAA91ED21EA0005874BE /* Authorize.swift */,
				79CAA17E1E8EB60F00EB10CF /* UpdateUser.swift */,
				79CAA16C1E8EB60F00EB10CF /* GetUser.swift */,
				79CAA16A1E8EB60F00EB10CF /* CreateUser.swift */,
				79CAA16E1E8EB60F00EB10CF /* LogSpaceVisits.swift */,
				79F8EAB31ED21EA0005874BE /* GetAuthorizationStatus.swift */,
				79CAA16F1E8EB60F00EB10CF /* MarkMediaAsUploaded.swift */,
				79CAA1681E8EB60F00EB10CF /* CreateMedia.swift */,
			);
			name = Functions;
			sourceTree = "<group>";
		};
		79F8EAFF1ED22063005874BE /* Data */ = {
			isa = PBXGroup;
			children = (
				79CAA1671E8EB60F00EB10CF /* Constants.swift */,
				79CAA1721E8EB60F00EB10CF /* ObjectsSet.swift */,
				79CAA17F1E8EB60F00EB10CF /* User.swift */,
				79F8EAAA1ED21EA0005874BE /* AuthToken.swift */,
				79F8EAAD1ED21EA0005874BE /* ConnectionHealthChanged.swift */,
				79F8EAB01ED21EA0005874BE /* Entity.swift */,
				79F8EABB1ED21EA0005874BE /* Response.swift */,
				79F8EAA71ED21EA0005874BE /* AuthorizationChanged.swift */,
				79F8EAB21ED21EA0005874BE /* Event.swift */,
				79F8EAAC1ED21EA0005874BE /* Configuration.swift */,
				79F8EAB11ED21EA0005874BE /* ErrorPayload.swift */,
				79CAA17D1E8EB60F00EB10CF /* SpaceVisit.swift */,
				79CAA1801E8EB60F00EB10CF /* WebpageMetadata.swift */,
				79CAA1701E8EB60F00EB10CF /* Media.swift */,
				79CAA17C1E8EB60F00EB10CF /* Space.swift */,
				79CAA16D1E8EB60F00EB10CF /* Link.swift */,
			);
			name = Data;
			sourceTree = "<group>";
		};
		79F8EB001ED220F1005874BE /* Reachability */ = {
			isa = PBXGroup;
			children = (
				79F8EAB91ED21EA0005874BE /* Reachability.swift */,
			);
			name = Reachability;
			sourceTree = "<group>";
		};
/* End PBXGroup section */

/* Begin PBXHeadersBuildPhase section */
		79CAA1491E8EB5DD00EB10CF /* Headers */ = {
			isa = PBXHeadersBuildPhase;
			buildActionMask = 2147483647;
			files = (
				79CAA15D1E8EB5DE00EB10CF /* MemexSDK.h in Headers */,
			);
			runOnlyForDeploymentPostprocessing = 0;
		};
/* End PBXHeadersBuildPhase section */

/* Begin PBXNativeTarget section */
		79CAA14B1E8EB5DD00EB10CF /* MemexSDK */ = {
			isa = PBXNativeTarget;
			buildConfigurationList = 79CAA1601E8EB5DE00EB10CF /* Build configuration list for PBXNativeTarget "MemexSDK" */;
			buildPhases = (
				79CAA1471E8EB5DD00EB10CF /* Sources */,
				79CAA1481E8EB5DD00EB10CF /* Frameworks */,
				79CAA1491E8EB5DD00EB10CF /* Headers */,
				79CAA14A1E8EB5DD00EB10CF /* Resources */,
			);
			buildRules = (
			);
			dependencies = (
				79CAA1C61E8EB67500EB10CF /* PBXTargetDependency */,
			);
			name = MemexSDK;
			productName = MemexSDK;
			productReference = 79CAA14C1E8EB5DD00EB10CF /* MemexSDK.framework */;
			productType = "com.apple.product-type.framework";
		};
		79CAA1541E8EB5DE00EB10CF /* MemexSDKTests */ = {
			isa = PBXNativeTarget;
			buildConfigurationList = 79CAA1631E8EB5DE00EB10CF /* Build configuration list for PBXNativeTarget "MemexSDKTests" */;
			buildPhases = (
				79CAA1511E8EB5DE00EB10CF /* Sources */,
				79CAA1521E8EB5DE00EB10CF /* Frameworks */,
				79CAA1531E8EB5DE00EB10CF /* Resources */,
			);
			buildRules = (
			);
			dependencies = (
				79CAA1581E8EB5DE00EB10CF /* PBXTargetDependency */,
			);
			name = MemexSDKTests;
			productName = MemexSDKTests;
			productReference = 79CAA1551E8EB5DE00EB10CF /* MemexSDKTests.xctest */;
			productType = "com.apple.product-type.bundle.unit-test";
		};
/* End PBXNativeTarget section */

/* Begin PBXProject section */
		79CAA1431E8EB5DD00EB10CF /* Project object */ = {
			isa = PBXProject;
			attributes = {
				LastSwiftUpdateCheck = 0820;
				LastUpgradeCheck = 0820;
				ORGANIZATIONNAME = "Adam Zdara";
				TargetAttributes = {
					79CAA14B1E8EB5DD00EB10CF = {
						CreatedOnToolsVersion = 8.2.1;
						DevelopmentTeam = RWC7XLPAS5;
						ProvisioningStyle = Automatic;
					};
					79CAA1541E8EB5DE00EB10CF = {
						CreatedOnToolsVersion = 8.2.1;
						DevelopmentTeam = RWC7XLPAS5;
						ProvisioningStyle = Automatic;
					};
				};
			};
			buildConfigurationList = 79CAA1461E8EB5DD00EB10CF /* Build configuration list for PBXProject "MemexSDK" */;
			compatibilityVersion = "Xcode 3.2";
			developmentRegion = English;
			hasScannedForEncodings = 0;
			knownRegions = (
				en,
			);
			mainGroup = 79CAA1421E8EB5DD00EB10CF;
			productRefGroup = 79CAA14D1E8EB5DD00EB10CF /* Products */;
			projectDirPath = "";
			projectReferences = (
				{
					ProductGroup = 79CAA1B31E8EB65E00EB10CF /* Products */;
					ProjectRef = 79CAA1B21E8EB65E00EB10CF /* ObjectMapper.xcodeproj */;
				},
			);
			projectRoot = "";
			targets = (
				79CAA14B1E8EB5DD00EB10CF /* MemexSDK */,
				79CAA1541E8EB5DE00EB10CF /* MemexSDKTests */,
			);
		};
/* End PBXProject section */

/* Begin PBXReferenceProxy section */
		79CAA1B81E8EB65E00EB10CF /* ObjectMapper.framework */ = {
			isa = PBXReferenceProxy;
			fileType = wrapper.framework;
			path = ObjectMapper.framework;
			remoteRef = 79CAA1B71E8EB65E00EB10CF /* PBXContainerItemProxy */;
			sourceTree = BUILT_PRODUCTS_DIR;
		};
/* End PBXReferenceProxy section */

/* Begin PBXResourcesBuildPhase section */
		79CAA14A1E8EB5DD00EB10CF /* Resources */ = {
			isa = PBXResourcesBuildPhase;
			buildActionMask = 2147483647;
			files = (
			);
			runOnlyForDeploymentPostprocessing = 0;
		};
		79CAA1531E8EB5DE00EB10CF /* Resources */ = {
			isa = PBXResourcesBuildPhase;
			buildActionMask = 2147483647;
			files = (
			);
			runOnlyForDeploymentPostprocessing = 0;
		};
/* End PBXResourcesBuildPhase section */

/* Begin PBXSourcesBuildPhase section */
		79CAA1471E8EB5DD00EB10CF /* Sources */ = {
			isa = PBXSourcesBuildPhase;
			buildActionMask = 2147483647;
			files = (
				79CAA1971E8EB60F00EB10CF /* SpaceVisit.swift in Sources */,
				79F8EACB1ED21EA0005874BE /* HealthChecker.swift in Sources */,
				79F8EAC01ED21EA0005874BE /* Authorize.swift in Sources */,
				79CAA1821E8EB60F00EB10CF /* CreateMedia.swift in Sources */,
				79CAA1941E8EB60F00EB10CF /* RequestBackup.swift in Sources */,
				79F8EAF61ED21EA5005874BE /* NSLock+Additions.swift in Sources */,
				79F8EAEA1ED21EA5005874BE /* Array+Additions.swift in Sources */,
				79F8EAC81ED21EA0005874BE /* ErrorPayload.swift in Sources */,
				79F8EAD21ED21EA0005874BE /* Response.swift in Sources */,
				79CAA1991E8EB60F00EB10CF /* User.swift in Sources */,
				79F8EAC91ED21EA0005874BE /* Event.swift in Sources */,
				79CAA19A1E8EB60F00EB10CF /* WebpageMetadata.swift in Sources */,
				79F8EAF91ED21EA5005874BE /* NSURLRequest+Additions.swift in Sources */,
				79F8EAC31ED21EA0005874BE /* Configuration.swift in Sources */,
				79CAA1871E8EB60F00EB10CF /* Link.swift in Sources */,
				79CAA1891E8EB60F00EB10CF /* MarkMediaAsUploaded.swift in Sources */,
				79CAA1911E8EB60F00EB10CF /* PushLinks.swift in Sources */,
				79F8EAD41ED21EA0005874BE /* TegKeychainConstants.swift in Sources */,
				79CAA1811E8EB60F00EB10CF /* Constants.swift in Sources */,
				79CAA18A1E8EB60F00EB10CF /* Media.swift in Sources */,
				79CAA18F1E8EB60F00EB10CF /* PullMedia.swift in Sources */,
				79F8EAF01ED21EA5005874BE /* Dispatch+Additions.swift in Sources */,
				79F8EACD1ED21EA0005874BE /* KeychainSwiftAccessOptions.swift in Sources */,
				79CAA1931E8EB60F00EB10CF /* PushSpaces.swift in Sources */,
				79CF3F621EC9834F00B9F1C0 /* Spaces.swift in Sources */,
				79F8EAFC1ED21EA5005874BE /* String+Additions.swift in Sources */,
				79CAA1921E8EB60F00EB10CF /* PushMedia.swift in Sources */,
				79CAA1901E8EB60F00EB10CF /* PullSpaces.swift in Sources */,
				79F8EAC61ED21EA0005874BE /* Deauthorize.swift in Sources */,
				79F8EAD11ED21EA0005874BE /* RequestInvoker.swift in Sources */,
				79CAA1981E8EB60F00EB10CF /* UpdateUser.swift in Sources */,
				79F8EAED1ED21EA5005874BE /* Credentials.swift in Sources */,
				79F8EAD01ED21EA0005874BE /* Reachability.swift in Sources */,
				79CAA1961E8EB60F00EB10CF /* Space.swift in Sources */,
				79F8EABE1ED21EA0005874BE /* AuthorizationChanged.swift in Sources */,
				79CAA1841E8EB60F00EB10CF /* CreateUser.swift in Sources */,
				79CAA1861E8EB60F00EB10CF /* GetUser.swift in Sources */,
				79CAA1831E8EB60F00EB10CF /* CreateSpace.swift in Sources */,
				79F8EABF1ED21EA0005874BE /* AuthorizationController.swift in Sources */,
				79F8EAC11ED21EA0005874BE /* AuthToken.swift in Sources */,
				79CAA18C1E8EB60F00EB10CF /* ObjectsSet.swift in Sources */,
				79F8EAF11ED21EA5005874BE /* Lock.swift in Sources */,
				79CAA18D1E8EB60F00EB10CF /* ProcessSpace.swift in Sources */,
				79F8EAEB1ED21EA5005874BE /* Color.swift in Sources */,
				79CAA1851E8EB60F00EB10CF /* GetMedia.swift in Sources */,
				79F8EAC41ED21EA0005874BE /* ConnectionHealthChanged.swift in Sources */,
				79CAA18E1E8EB60F00EB10CF /* PullLinks.swift in Sources */,
				79F8EAF21ED21EA5005874BE /* MIMETypes.swift in Sources */,
				79F8EACE1ED21EA0005874BE /* Operation.swift in Sources */,
				79F8EAC71ED21EA0005874BE /* Entity.swift in Sources */,
				79F8EAD31ED21EA0005874BE /* Service.swift in Sources */,
				79F8EACC1ED21EA0005874BE /* KeychainSwift.swift in Sources */,
				79F8EAEF1ED21EA5005874BE /* Dictionary+Additions.swift in Sources */,
				79CAA1951E8EB60F00EB10CF /* SetUserPassword.swift in Sources */,
				79F8EAC21ED21EA0005874BE /* Bootstrap.swift in Sources */,
				79CAA1881E8EB60F00EB10CF /* LogSpaceVisits.swift in Sources */,
				79F8EACA1ED21EA0005874BE /* GetAuthorizationStatus.swift in Sources */,
				79F8EACF1ED21EA0005874BE /* QueryStringTransformer.swift in Sources */,
			);
			runOnlyForDeploymentPostprocessing = 0;
		};
		79CAA1511E8EB5DE00EB10CF /* Sources */ = {
			isa = PBXSourcesBuildPhase;
			buildActionMask = 2147483647;
			files = (
				79CAA1A31E8EB61800EB10CF /* UserOtherTests.swift in Sources */,
				79CAA15B1E8EB5DE00EB10CF /* MemexSDKTests.swift in Sources */,
				79CAA1A01E8EB61800EB10CF /* AuthorizationTests.swift in Sources */,
				79CAA1A41E8EB61800EB10CF /* UserUpdatesTests.swift in Sources */,
				79CAA1A11E8EB61800EB10CF /* BasicTests.swift in Sources */,
			);
			runOnlyForDeploymentPostprocessing = 0;
		};
/* End PBXSourcesBuildPhase section */

/* Begin PBXTargetDependency section */
		79CAA1581E8EB5DE00EB10CF /* PBXTargetDependency */ = {
			isa = PBXTargetDependency;
			target = 79CAA14B1E8EB5DD00EB10CF /* MemexSDK */;
			targetProxy = 79CAA1571E8EB5DE00EB10CF /* PBXContainerItemProxy */;
		};
		79CAA1C61E8EB67500EB10CF /* PBXTargetDependency */ = {
			isa = PBXTargetDependency;
			name = ObjectMapper;
			targetProxy = 79CAA1C51E8EB67500EB10CF /* PBXContainerItemProxy */;
		};
/* End PBXTargetDependency section */

/* Begin XCBuildConfiguration section */
		79CAA15E1E8EB5DE00EB10CF /* Development */ = {
			isa = XCBuildConfiguration;
			buildSettings = {
				ALWAYS_SEARCH_USER_PATHS = NO;
				CLANG_ANALYZER_NONNULL = YES;
				CLANG_CXX_LANGUAGE_STANDARD = "gnu++0x";
				CLANG_CXX_LIBRARY = "libc++";
				CLANG_ENABLE_MODULES = YES;
				CLANG_ENABLE_OBJC_ARC = YES;
				CLANG_WARN_BOOL_CONVERSION = YES;
				CLANG_WARN_CONSTANT_CONVERSION = YES;
				CLANG_WARN_DIRECT_OBJC_ISA_USAGE = YES_ERROR;
				CLANG_WARN_DOCUMENTATION_COMMENTS = YES;
				CLANG_WARN_EMPTY_BODY = YES;
				CLANG_WARN_ENUM_CONVERSION = YES;
				CLANG_WARN_INFINITE_RECURSION = YES;
				CLANG_WARN_INT_CONVERSION = YES;
				CLANG_WARN_OBJC_ROOT_CLASS = YES_ERROR;
				CLANG_WARN_SUSPICIOUS_MOVE = YES;
				CLANG_WARN_UNREACHABLE_CODE = YES;
				CLANG_WARN__DUPLICATE_METHOD_MATCH = YES;
				"CODE_SIGN_IDENTITY[sdk=iphoneos*]" = "iPhone Developer";
				COPY_PHASE_STRIP = NO;
				CURRENT_PROJECT_VERSION = 1;
				DEBUG_INFORMATION_FORMAT = dwarf;
				ENABLE_STRICT_OBJC_MSGSEND = YES;
				ENABLE_TESTABILITY = YES;
				GCC_C_LANGUAGE_STANDARD = gnu99;
				GCC_DYNAMIC_NO_PIC = NO;
				GCC_NO_COMMON_BLOCKS = YES;
				GCC_OPTIMIZATION_LEVEL = 0;
				GCC_PREPROCESSOR_DEFINITIONS = (
					"DEBUG=1",
					"$(inherited)",
				);
				GCC_WARN_64_TO_32_BIT_CONVERSION = YES;
				GCC_WARN_ABOUT_RETURN_TYPE = YES_ERROR;
				GCC_WARN_UNDECLARED_SELECTOR = YES;
				GCC_WARN_UNINITIALIZED_AUTOS = YES_AGGRESSIVE;
				GCC_WARN_UNUSED_FUNCTION = YES;
				GCC_WARN_UNUSED_VARIABLE = YES;
				IPHONEOS_DEPLOYMENT_TARGET = 10.2;
				MTL_ENABLE_DEBUG_INFO = YES;
				ONLY_ACTIVE_ARCH = YES;
				SDKROOT = iphoneos;
				SWIFT_ACTIVE_COMPILATION_CONDITIONS = DEBUG;
				SWIFT_OPTIMIZATION_LEVEL = "-Onone";
				TARGETED_DEVICE_FAMILY = "1,2";
				VERSIONING_SYSTEM = "apple-generic";
				VERSION_INFO_PREFIX = "";
			};
			name = Development;
		};
		79CAA15F1E8EB5DE00EB10CF /* Production */ = {
			isa = XCBuildConfiguration;
			buildSettings = {
				ALWAYS_SEARCH_USER_PATHS = NO;
				CLANG_ANALYZER_NONNULL = YES;
				CLANG_CXX_LANGUAGE_STANDARD = "gnu++0x";
				CLANG_CXX_LIBRARY = "libc++";
				CLANG_ENABLE_MODULES = YES;
				CLANG_ENABLE_OBJC_ARC = YES;
				CLANG_WARN_BOOL_CONVERSION = YES;
				CLANG_WARN_CONSTANT_CONVERSION = YES;
				CLANG_WARN_DIRECT_OBJC_ISA_USAGE = YES_ERROR;
				CLANG_WARN_DOCUMENTATION_COMMENTS = YES;
				CLANG_WARN_EMPTY_BODY = YES;
				CLANG_WARN_ENUM_CONVERSION = YES;
				CLANG_WARN_INFINITE_RECURSION = YES;
				CLANG_WARN_INT_CONVERSION = YES;
				CLANG_WARN_OBJC_ROOT_CLASS = YES_ERROR;
				CLANG_WARN_SUSPICIOUS_MOVE = YES;
				CLANG_WARN_UNREACHABLE_CODE = YES;
				CLANG_WARN__DUPLICATE_METHOD_MATCH = YES;
				"CODE_SIGN_IDENTITY[sdk=iphoneos*]" = "iPhone Developer";
				COPY_PHASE_STRIP = NO;
				CURRENT_PROJECT_VERSION = 1;
				DEBUG_INFORMATION_FORMAT = "dwarf-with-dsym";
				ENABLE_NS_ASSERTIONS = NO;
				ENABLE_STRICT_OBJC_MSGSEND = YES;
				GCC_C_LANGUAGE_STANDARD = gnu99;
				GCC_NO_COMMON_BLOCKS = YES;
				GCC_WARN_64_TO_32_BIT_CONVERSION = YES;
				GCC_WARN_ABOUT_RETURN_TYPE = YES_ERROR;
				GCC_WARN_UNDECLARED_SELECTOR = YES;
				GCC_WARN_UNINITIALIZED_AUTOS = YES_AGGRESSIVE;
				GCC_WARN_UNUSED_FUNCTION = YES;
				GCC_WARN_UNUSED_VARIABLE = YES;
				IPHONEOS_DEPLOYMENT_TARGET = 10.2;
				MTL_ENABLE_DEBUG_INFO = NO;
				SDKROOT = iphoneos;
				SWIFT_OPTIMIZATION_LEVEL = "-Owholemodule";
				TARGETED_DEVICE_FAMILY = "1,2";
				VALIDATE_PRODUCT = YES;
				VERSIONING_SYSTEM = "apple-generic";
				VERSION_INFO_PREFIX = "";
			};
			name = Production;
		};
		79CAA1611E8EB5DE00EB10CF /* Development */ = {
			isa = XCBuildConfiguration;
			buildSettings = {
				APPLICATION_EXTENSION_API_ONLY = YES;
				CODE_SIGN_IDENTITY = "";
				DEFINES_MODULE = YES;
				DEVELOPMENT_TEAM = RWC7XLPAS5;
				DYLIB_COMPATIBILITY_VERSION = 1;
				DYLIB_CURRENT_VERSION = 1;
				DYLIB_INSTALL_NAME_BASE = "@rpath";
				INFOPLIST_FILE = MemexSDK/Info.plist;
				INSTALL_PATH = "$(LOCAL_LIBRARY_DIR)/Frameworks";
				LD_RUNPATH_SEARCH_PATHS = "$(inherited) @executable_path/Frameworks @loader_path/Frameworks";
				PRODUCT_BUNDLE_IDENTIFIER = co.memex.MemexSDK;
				PRODUCT_NAME = "$(TARGET_NAME)";
				SKIP_INSTALL = YES;
				SWIFT_VERSION = 3.0;
			};
			name = Development;
		};
		79CAA1621E8EB5DE00EB10CF /* Production */ = {
			isa = XCBuildConfiguration;
			buildSettings = {
				APPLICATION_EXTENSION_API_ONLY = YES;
				CODE_SIGN_IDENTITY = "";
				DEFINES_MODULE = YES;
				DEVELOPMENT_TEAM = RWC7XLPAS5;
				DYLIB_COMPATIBILITY_VERSION = 1;
				DYLIB_CURRENT_VERSION = 1;
				DYLIB_INSTALL_NAME_BASE = "@rpath";
				INFOPLIST_FILE = MemexSDK/Info.plist;
				INSTALL_PATH = "$(LOCAL_LIBRARY_DIR)/Frameworks";
				LD_RUNPATH_SEARCH_PATHS = "$(inherited) @executable_path/Frameworks @loader_path/Frameworks";
				PRODUCT_BUNDLE_IDENTIFIER = co.memex.MemexSDK;
				PRODUCT_NAME = "$(TARGET_NAME)";
				SKIP_INSTALL = YES;
				SWIFT_VERSION = 3.0;
			};
			name = Production;
		};
		79CAA1641E8EB5DE00EB10CF /* Development */ = {
			isa = XCBuildConfiguration;
			buildSettings = {
				ALWAYS_EMBED_SWIFT_STANDARD_LIBRARIES = YES;
				DEVELOPMENT_TEAM = RWC7XLPAS5;
				INFOPLIST_FILE = MemexSDKTests/Info.plist;
				LD_RUNPATH_SEARCH_PATHS = "$(inherited) @executable_path/Frameworks @loader_path/Frameworks";
				PRODUCT_BUNDLE_IDENTIFIER = co.memex.MemexSDKTests;
				PRODUCT_NAME = "$(TARGET_NAME)";
				SWIFT_VERSION = 3.0;
			};
			name = Development;
		};
		79CAA1651E8EB5DE00EB10CF /* Production */ = {
			isa = XCBuildConfiguration;
			buildSettings = {
				ALWAYS_EMBED_SWIFT_STANDARD_LIBRARIES = YES;
				DEVELOPMENT_TEAM = RWC7XLPAS5;
				INFOPLIST_FILE = MemexSDKTests/Info.plist;
				LD_RUNPATH_SEARCH_PATHS = "$(inherited) @executable_path/Frameworks @loader_path/Frameworks";
				PRODUCT_BUNDLE_IDENTIFIER = co.memex.MemexSDKTests;
				PRODUCT_NAME = "$(TARGET_NAME)";
				SWIFT_VERSION = 3.0;
			};
			name = Production;
		};
/* End XCBuildConfiguration section */

/* Begin XCConfigurationList section */
		79CAA1461E8EB5DD00EB10CF /* Build configuration list for PBXProject "MemexSDK" */ = {
			isa = XCConfigurationList;
			buildConfigurations = (
				79CAA15E1E8EB5DE00EB10CF /* Development */,
				79CAA15F1E8EB5DE00EB10CF /* Production */,
			);
			defaultConfigurationIsVisible = 0;
			defaultConfigurationName = Production;
		};
		79CAA1601E8EB5DE00EB10CF /* Build configuration list for PBXNativeTarget "MemexSDK" */ = {
			isa = XCConfigurationList;
			buildConfigurations = (
				79CAA1611E8EB5DE00EB10CF /* Development */,
				79CAA1621E8EB5DE00EB10CF /* Production */,
			);
			defaultConfigurationIsVisible = 0;
			defaultConfigurationName = Production;
		};
		79CAA1631E8EB5DE00EB10CF /* Build configuration list for PBXNativeTarget "MemexSDKTests" */ = {
			isa = XCConfigurationList;
			buildConfigurations = (
				79CAA1641E8EB5DE00EB10CF /* Development */,
				79CAA1651E8EB5DE00EB10CF /* Production */,
			);
			defaultConfigurationIsVisible = 0;
			defaultConfigurationName = Production;
		};
/* End XCConfigurationList section */
	};
	rootObject = 79CAA1431E8EB5DD00EB10CF /* Project object */;
}
